
Microsoft Visual Studio Solution File, Format Version 11.00
# Visual Studio 2010
Project("{FAE04EC0-301F-11D3-BF4B-00C04F79EFBC}") = "Assembly-CSharp", "Assembly-CSharp.csproj", "{21C282C7-578C-7379-561A-7B41EA416DD3}"
EndProject
Project("{FAE04EC0-301F-11D3-BF4B-00C04F79EFBC}") = "Assembly-CSharp-Editor", "Assembly-CSharp-Editor.csproj", "{1285358C-B10C-432C-0DF4-93BA2420A6FE}"
EndProject
Global
	GlobalSection(SolutionConfigurationPlatforms) = preSolution
		Debug|Any CPU = Debug|Any CPU
		Release|Any CPU = Release|Any CPU
	EndGlobalSection
	GlobalSection(ProjectConfigurationPlatforms) = postSolution
		{21C282C7-578C-7379-561A-7B41EA416DD3}.Debug|Any CPU.ActiveCfg = Debug|Any CPU
		{21C282C7-578C-7379-561A-7B41EA416DD3}.Debug|Any CPU.Build.0 = Debug|Any CPU
		{21C282C7-578C-7379-561A-7B41EA416DD3}.Release|Any CPU.ActiveCfg = Release|Any CPU
		{21C282C7-578C-7379-561A-7B41EA416DD3}.Release|Any CPU.Build.0 = Release|Any CPU
		{1285358C-B10C-432C-0DF4-93BA2420A6FE}.Debug|Any CPU.ActiveCfg = Debug|Any CPU
		{1285358C-B10C-432C-0DF4-93BA2420A6FE}.Debug|Any CPU.Build.0 = Debug|Any CPU
		{1285358C-B10C-432C-0DF4-93BA2420A6FE}.Release|Any CPU.ActiveCfg = Release|Any CPU
		{1285358C-B10C-432C-0DF4-93BA2420A6FE}.Release|Any CPU.Build.0 = Release|Any CPU
	EndGlobalSection
	GlobalSection(SolutionProperties) = preSolution
		HideSolutionNode = FALSE
	EndGlobalSection
	GlobalSection(MonoDevelopProperties) = preSolution
		StartupItem = Assembly-CSharp.csproj
	EndGlobalSection
EndGlobal
